// !$*UTF8*$!
{
	archiveVersion = 1;
	classes = {
	};
	objectVersion = 53;
	objects = {

/* Begin PBXBuildFile section */
		D4F4C570249BE686008DB224 /* AppDelegate.swift in Sources */ = {isa = PBXBuildFile; fileRef = D4F4C56F249BE686008DB224 /* AppDelegate.swift */; };
		D4F4C572249BE686008DB224 /* SceneDelegate.swift in Sources */ = {isa = PBXBuildFile; fileRef = D4F4C571249BE686008DB224 /* SceneDelegate.swift */; };
		D4F4C574249BE686008DB224 /* ViewController.swift in Sources */ = {isa = PBXBuildFile; fileRef = D4F4C573249BE686008DB224 /* ViewController.swift */; };
		D4F4C577249BE686008DB224 /* Main.storyboard in Resources */ = {isa = PBXBuildFile; fileRef = D4F4C575249BE686008DB224 /* Main.storyboard */; };
		D4F4C57A249BE686008DB224 /* Stampr.xcdatamodeld in Sources */ = {isa = PBXBuildFile; fileRef = D4F4C578249BE686008DB224 /* Stampr.xcdatamodeld */; };
		D4F4C57C249BE688008DB224 /* Assets.xcassets in Resources */ = {isa = PBXBuildFile; fileRef = D4F4C57B249BE688008DB224 /* Assets.xcassets */; };
		D4F4C57F249BE688008DB224 /* LaunchScreen.storyboard in Resources */ = {isa = PBXBuildFile; fileRef = D4F4C57D249BE688008DB224 /* LaunchScreen.storyboard */; };
		D4F4C588249BE6BD008DB224 /* Stamp+CoreDataClass.swift in Sources */ = {isa = PBXBuildFile; fileRef = D4F4C586249BE6BD008DB224 /* Stamp+CoreDataClass.swift */; };
		D4F4C589249BE6BD008DB224 /* Stamp+CoreDataProperties.swift in Sources */ = {isa = PBXBuildFile; fileRef = D4F4C587249BE6BD008DB224 /* Stamp+CoreDataProperties.swift */; };
/* End PBXBuildFile section */

/* Begin PBXFileReference section */
		D4F4C56C249BE686008DB224 /* Stampr.app */ = {isa = PBXFileReference; explicitFileType = wrapper.application; includeInIndex = 0; path = Stampr.app; sourceTree = BUILT_PRODUCTS_DIR; };
		D4F4C56F249BE686008DB224 /* AppDelegate.swift */ = {isa = PBXFileReference; lastKnownFileType = sourcecode.swift; path = AppDelegate.swift; sourceTree = "<group>"; };
		D4F4C571249BE686008DB224 /* SceneDelegate.swift */ = {isa = PBXFileReference; lastKnownFileType = sourcecode.swift; path = SceneDelegate.swift; sourceTree = "<group>"; };
		D4F4C573249BE686008DB224 /* ViewController.swift */ = {isa = PBXFileReference; lastKnownFileType = sourcecode.swift; path = ViewController.swift; sourceTree = "<group>"; };
		D4F4C576249BE686008DB224 /* Base */ = {isa = PBXFileReference; lastKnownFileType = file.storyboard; name = Base; path = Base.lproj/Main.storyboard; sourceTree = "<group>"; };
		D4F4C579249BE686008DB224 /* Stampr.xcdatamodel */ = {isa = PBXFileReference; lastKnownFileType = wrapper.xcdatamodel; path = Stampr.xcdatamodel; sourceTree = "<group>"; };
		D4F4C57B249BE688008DB224 /* Assets.xcassets */ = {isa = PBXFileReference; lastKnownFileType = folder.assetcatalog; path = Assets.xcassets; sourceTree = "<group>"; };
		D4F4C57E249BE688008DB224 /* Base */ = {isa = PBXFileReference; lastKnownFileType = file.storyboard; name = Base; path = Base.lproj/LaunchScreen.storyboard; sourceTree = "<group>"; };
		D4F4C580249BE688008DB224 /* Info.plist */ = {isa = PBXFileReference; lastKnownFileType = text.plist.xml; path = Info.plist; sourceTree = "<group>"; };
		D4F4C586249BE6BD008DB224 /* Stamp+CoreDataClass.swift */ = {isa = PBXFileReference; lastKnownFileType = sourcecode.swift; path = "Stamp+CoreDataClass.swift"; sourceTree = "<group>"; };
		D4F4C587249BE6BD008DB224 /* Stamp+CoreDataProperties.swift */ = {isa = PBXFileReference; lastKnownFileType = sourcecode.swift; path = "Stamp+CoreDataProperties.swift"; sourceTree = "<group>"; };
/* End PBXFileReference section */

/* Begin PBXFrameworksBuildPhase section */
		D4F4C569249BE686008DB224 /* Frameworks */ = {
			isa = PBXFrameworksBuildPhase;
			buildActionMask = 2147483647;
			files = (
			);
			runOnlyForDeploymentPostprocessing = 0;
		};
/* End PBXFrameworksBuildPhase section */

/* Begin PBXGroup section */
		D4F4C563249BE686008DB224 = {
			isa = PBXGroup;
			children = (
				D4F4C56E249BE686008DB224 /* Stampr */,
				D4F4C56D249BE686008DB224 /* Products */,
			);
			sourceTree = "<group>";
		};
		D4F4C56D249BE686008DB224 /* Products */ = {
			isa = PBXGroup;
			children = (
				D4F4C56C249BE686008DB224 /* Stampr.app */,
			);
			name = Products;
			sourceTree = "<group>";
		};
		D4F4C56E249BE686008DB224 /* Stampr */ = {
			isa = PBXGroup;
			children = (
				D4F4C586249BE6BD008DB224 /* Stamp+CoreDataClass.swift */,
				D4F4C587249BE6BD008DB224 /* Stamp+CoreDataProperties.swift */,
				D4F4C56F249BE686008DB224 /* AppDelegate.swift */,
				D4F4C571249BE686008DB224 /* SceneDelegate.swift */,
				D4F4C573249BE686008DB224 /* ViewController.swift */,
				D4F4C575249BE686008DB224 /* Main.storyboard */,
				D4F4C57B249BE688008DB224 /* Assets.xcassets */,
				D4F4C57D249BE688008DB224 /* LaunchScreen.storyboard */,
				D4F4C580249BE688008DB224 /* Info.plist */,
				D4F4C578249BE686008DB224 /* Stampr.xcdatamodeld */,
			);
			path = Stampr;
			sourceTree = "<group>";
		};
/* End PBXGroup section */

/* Begin PBXNativeTarget section */
		D4F4C56B249BE686008DB224 /* Stampr */ = {
			isa = PBXNativeTarget;
			buildConfigurationList = D4F4C583249BE688008DB224 /* Build configuration list for PBXNativeTarget "Stampr" */;
			buildPhases = (
				D4F4C568249BE686008DB224 /* Sources */,
				D4F4C569249BE686008DB224 /* Frameworks */,
				D4F4C56A249BE686008DB224 /* Resources */,
			);
			buildRules = (
			);
			dependencies = (
			);
			name = Stampr;
			productName = Stampr;
			productReference = D4F4C56C249BE686008DB224 /* Stampr.app */;
			productType = "com.apple.product-type.application";
		};
/* End PBXNativeTarget section */

/* Begin PBXProject section */
		D4F4C564249BE686008DB224 /* Project object */ = {
			isa = PBXProject;
			attributes = {
				LastSwiftUpdateCheck = 1150;
				LastUpgradeCheck = 1150;
				ORGANIZATIONNAME = "Philip Mallegol-Hansen";
				TargetAttributes = {
					D4F4C56B249BE686008DB224 = {
						CreatedOnToolsVersion = 11.5;
					};
				};
			};
			buildConfigurationList = D4F4C567249BE686008DB224 /* Build configuration list for PBXProject "Stampr" */;
			compatibilityVersion = "Xcode 11.4";
			developmentRegion = en;
			hasScannedForEncodings = 0;
			knownRegions = (
				en,
				Base,
			);
			mainGroup = D4F4C563249BE686008DB224;
			productRefGroup = D4F4C56D249BE686008DB224 /* Products */;
			projectDirPath = "";
			projectRoot = "";
			targets = (
				D4F4C56B249BE686008DB224 /* Stampr */,
			);
		};
/* End PBXProject section */

/* Begin PBXResourcesBuildPhase section */
		D4F4C56A249BE686008DB224 /* Resources */ = {
			isa = PBXResourcesBuildPhase;
			buildActionMask = 2147483647;
			files = (
				D4F4C57F249BE688008DB224 /* LaunchScreen.storyboard in Resources */,
				D4F4C57C249BE688008DB224 /* Assets.xcassets in Resources */,
				D4F4C577249BE686008DB224 /* Main.storyboard in Resources */,
			);
			runOnlyForDeploymentPostprocessing = 0;
		};
/* End PBXResourcesBuildPhase section */

/* Begin PBXSourcesBuildPhase section */
		D4F4C568249BE686008DB224 /* Sources */ = {
			isa = PBXSourcesBuildPhase;
			buildActionMask = 2147483647;
			files = (
				D4F4C588249BE6BD008DB224 /* Stamp+CoreDataClass.swift in Sources */,
				D4F4C589249BE6BD008DB224 /* Stamp+CoreDataProperties.swift in Sources */,
				D4F4C574249BE686008DB224 /* ViewController.swift in Sources */,
				D4F4C570249BE686008DB224 /* AppDelegate.swift in Sources */,
				D4F4C57A249BE686008DB224 /* Stampr.xcdatamodeld in Sources */,
				D4F4C572249BE686008DB224 /* SceneDelegate.swift in Sources */,
			);
			runOnlyForDeploymentPostprocessing = 0;
		};
/* End PBXSourcesBuildPhase section */

/* Begin PBXVariantGroup section */
		D4F4C575249BE686008DB224 /* Main.storyboard */ = {
			isa = PBXVariantGroup;
			children = (
				D4F4C576249BE686008DB224 /* Base */,
			);
			name = Main.storyboard;
			sourceTree = "<group>";
		};
		D4F4C57D249BE688008DB224 /* LaunchScreen.storyboard */ = {
			isa = PBXVariantGroup;
			children = (
				D4F4C57E249BE688008DB224 /* Base */,
			);
			name = LaunchScreen.storyboard;
			sourceTree = "<group>";
		};
/* End PBXVariantGroup section */

/* Begin XCBuildConfiguration section */
		D4F4C581249BE688008DB224 /* Debug */ = {
			isa = XCBuildConfiguration;
			buildSettings = {
				ALWAYS_SEARCH_USER_PATHS = NO;
				CLANG_ANALYZER_NONNULL = YES;
				CLANG_ANALYZER_NUMBER_OBJECT_CONVERSION = YES_AGGRESSIVE;
				CLANG_CXX_LANGUAGE_STANDARD = "gnu++14";
				CLANG_CXX_LIBRARY = "libc++";
				CLANG_ENABLE_MODULES = YES;
				CLANG_ENABLE_OBJC_ARC = YES;
				CLANG_ENABLE_OBJC_WEAK = YES;
				CLANG_WARN_BLOCK_CAPTURE_AUTORELEASING = YES;
				CLANG_WARN_BOOL_CONVERSION = YES;
				CLANG_WARN_COMMA = YES;
				CLANG_WARN_CONSTANT_CONVERSION = YES;
				CLANG_WARN_DEPRECATED_OBJC_IMPLEMENTATIONS = YES;
				CLANG_WARN_DIRECT_OBJC_ISA_USAGE = YES_ERROR;
				CLANG_WARN_DOCUMENTATION_COMMENTS = YES;
				CLANG_WARN_EMPTY_BODY = YES;
				CLANG_WARN_ENUM_CONVERSION = YES;
				CLANG_WARN_INFINITE_RECURSION = YES;
				CLANG_WARN_INT_CONVERSION = YES;
				CLANG_WARN_NON_LITERAL_NULL_CONVERSION = YES;
				CLANG_WARN_OBJC_IMPLICIT_RETAIN_SELF = YES;
				CLANG_WARN_OBJC_LITERAL_CONVERSION = YES;
				CLANG_WARN_OBJC_ROOT_CLASS = YES_ERROR;
				CLANG_WARN_RANGE_LOOP_ANALYSIS = YES;
				CLANG_WARN_STRICT_PROTOTYPES = YES;
				CLANG_WARN_SUSPICIOUS_MOVE = YES;
				CLANG_WARN_UNGUARDED_AVAILABILITY = YES_AGGRESSIVE;
				CLANG_WARN_UNREACHABLE_CODE = YES;
				CLANG_WARN__DUPLICATE_METHOD_MATCH = YES;
				COPY_PHASE_STRIP = NO;
				DEBUG_INFORMATION_FORMAT = dwarf;
				ENABLE_STRICT_OBJC_MSGSEND = YES;
				ENABLE_TESTABILITY = YES;
				GCC_C_LANGUAGE_STANDARD = gnu11;
				GCC_DYNAMIC_NO_PIC = NO;
				GCC_NO_COMMON_BLOCKS = YES;
				GCC_OPTIMIZATION_LEVEL = 0;
				GCC_PREPROCESSOR_DEFINITIONS = (
					"DEBUG=1",
					"$(inherited)",
				);
				GCC_WARN_64_TO_32_BIT_CONVERSION = YES;
				GCC_WARN_ABOUT_RETURN_TYPE = YES_ERROR;
				GCC_WARN_UNDECLARED_SELECTOR = YES;
				GCC_WARN_UNINITIALIZED_AUTOS = YES_AGGRESSIVE;
				GCC_WARN_UNUSED_FUNCTION = YES;
				GCC_WARN_UNUSED_VARIABLE = YES;
				IPHONEOS_DEPLOYMENT_TARGET = 13.5;
				MTL_ENABLE_DEBUG_INFO = INCLUDE_SOURCE;
				MTL_FAST_MATH = YES;
				ONLY_ACTIVE_ARCH = YES;
				SDKROOT = iphoneos;
				SWIFT_ACTIVE_COMPILATION_CONDITIONS = DEBUG;
				SWIFT_OPTIMIZATION_LEVEL = "-Onone";
			};
			name = Debug;
		};
		D4F4C582249BE688008DB224 /* Release */ = {
			isa = XCBuildConfiguration;
			buildSettings = {
				ALWAYS_SEARCH_USER_PATHS = NO;
				CLANG_ANALYZER_NONNULL = YES;
				CLANG_ANALYZER_NUMBER_OBJECT_CONVERSION = YES_AGGRESSIVE;
				CLANG_CXX_LANGUAGE_STANDARD = "gnu++14";
				CLANG_CXX_LIBRARY = "libc++";
				CLANG_ENABLE_MODULES = YES;
				CLANG_ENABLE_OBJC_ARC = YES;
				CLANG_ENABLE_OBJC_WEAK = YES;
				CLANG_WARN_BLOCK_CAPTURE_AUTORELEASING = YES;
				CLANG_WARN_BOOL_CONVERSION = YES;
				CLANG_WARN_COMMA = YES;
				CLANG_WARN_CONSTANT_CONVERSION = YES;
				CLANG_WARN_DEPRECATED_OBJC_IMPLEMENTATIONS = YES;
				CLANG_WARN_DIRECT_OBJC_ISA_USAGE = YES_ERROR;
				CLANG_WARN_DOCUMENTATION_COMMENTS = YES;
				CLANG_WARN_EMPTY_BODY = YES;
				CLANG_WARN_ENUM_CONVERSION = YES;
				CLANG_WARN_INFINITE_RECURSION = YES;
				CLANG_WARN_INT_CONVERSION = YES;
				CLANG_WARN_NON_LITERAL_NULL_CONVERSION = YES;
				CLANG_WARN_OBJC_IMPLICIT_RETAIN_SELF = YES;
				CLANG_WARN_OBJC_LITERAL_CONVERSION = YES;
				CLANG_WARN_OBJC_ROOT_CLASS = YES_ERROR;
				CLANG_WARN_RANGE_LOOP_ANALYSIS = YES;
				CLANG_WARN_STRICT_PROTOTYPES = YES;
				CLANG_WARN_SUSPICIOUS_MOVE = YES;
				CLANG_WARN_UNGUARDED_AVAILABILITY = YES_AGGRESSIVE;
				CLANG_WARN_UNREACHABLE_CODE = YES;
				CLANG_WARN__DUPLICATE_METHOD_MATCH = YES;
				COPY_PHASE_STRIP = NO;
				DEBUG_INFORMATION_FORMAT = "dwarf-with-dsym";
				ENABLE_NS_ASSERTIONS = NO;
				ENABLE_STRICT_OBJC_MSGSEND = YES;
				GCC_C_LANGUAGE_STANDARD = gnu11;
				GCC_NO_COMMON_BLOCKS = YES;
				GCC_WARN_64_TO_32_BIT_CONVERSION = YES;
				GCC_WARN_ABOUT_RETURN_TYPE = YES_ERROR;
				GCC_WARN_UNDECLARED_SELECTOR = YES;
				GCC_WARN_UNINITIALIZED_AUTOS = YES_AGGRESSIVE;
				GCC_WARN_UNUSED_FUNCTION = YES;
				GCC_WARN_UNUSED_VARIABLE = YES;
				IPHONEOS_DEPLOYMENT_TARGET = 13.5;
				MTL_ENABLE_DEBUG_INFO = NO;
				MTL_FAST_MATH = YES;
				SDKROOT = iphoneos;
				SWIFT_COMPILATION_MODE = wholemodule;
				SWIFT_OPTIMIZATION_LEVEL = "-O";
				VALIDATE_PRODUCT = YES;
			};
			name = Release;
		};
		D4F4C584249BE688008DB224 /* Debug */ = {
			isa = XCBuildConfiguration;
			buildSettings = {
				ASSETCATALOG_COMPILER_APPICON_NAME = AppIcon;
				CODE_SIGN_STYLE = Automatic;
				DEVELOPMENT_TEAM = 74B7V7BKKA;
				INFOPLIST_FILE = Stampr/Info.plist;
				LD_RUNPATH_SEARCH_PATHS = (
					"$(inherited)",
					"@executable_path/Frameworks",
				);
				PRODUCT_BUNDLE_IDENTIFIER = com.mallegolhansen.philip.Stampr;
				PRODUCT_NAME = "$(TARGET_NAME)";
				SWIFT_VERSION = 5.0;
				TARGETED_DEVICE_FAMILY = "1,2";
			};
			name = Debug;
		};
		D4F4C585249BE688008DB224 /* Release */ = {
			isa = XCBuildConfiguration;
			buildSettings = {
				ASSETCATALOG_COMPILER_APPICON_NAME = AppIcon;
				CODE_SIGN_STYLE = Automatic;
				DEVELOPMENT_TEAM = 74B7V7BKKA;
				INFOPLIST_FILE = Stampr/Info.plist;
				LD_RUNPATH_SEARCH_PATHS = (
					"$(inherited)",
					"@executable_path/Frameworks",
				);
				PRODUCT_BUNDLE_IDENTIFIER = com.mallegolhansen.philip.Stampr;
				PRODUCT_NAME = "$(TARGET_NAME)";
				SWIFT_VERSION = 5.0;
				TARGETED_DEVICE_FAMILY = "1,2";
			};
			name = Release;
		};
/* End XCBuildConfiguration section */

/* Begin XCConfigurationList section */
		D4F4C567249BE686008DB224 /* Build configuration list for PBXProject "Stampr" */ = {
			isa = XCConfigurationList;
			buildConfigurations = (
				D4F4C581249BE688008DB224 /* Debug */,
				D4F4C582249BE688008DB224 /* Release */,
			);
			defaultConfigurationIsVisible = 0;
			defaultConfigurationName = Release;
		};
		D4F4C583249BE688008DB224 /* Build configuration list for PBXNativeTarget "Stampr" */ = {
			isa = XCConfigurationList;
			buildConfigurations = (
				D4F4C584249BE688008DB224 /* Debug */,
				D4F4C585249BE688008DB224 /* Release */,
			);
			defaultConfigurationIsVisible = 0;
			defaultConfigurationName = Release;
		};
/* End XCConfigurationList section */

/* Begin XCVersionGroup section */
		D4F4C578249BE686008DB224 /* Stampr.xcdatamodeld */ = {
			isa = XCVersionGroup;
			children = (
				D4F4C579249BE686008DB224 /* Stampr.xcdatamodel */,
			);
			currentVersion = D4F4C579249BE686008DB224 /* Stampr.xcdatamodel */;
			path = Stampr.xcdatamodeld;
			sourceTree = "<group>";
			versionGroupType = wrapper.xcdatamodel;
		};
/* End XCVersionGroup section */
	};
	rootObject = D4F4C564249BE686008DB224 /* Project object */;
}
